
Microsoft Visual Studio Solution File, Format Version 12.00
# Visual Studio Version 16
VisualStudioVersion = 16.0.29905.134
MinimumVisualStudioVersion = 10.0.40219.1
Project("{FAE04EC0-301F-11D3-BF4B-00C04F79EFBC}") = "TheNextCar", "TheNextCar.csproj", "{2B8A9FC8-FBD1-4E40-9618-D1C10B25E074}"
EndProject
Global
	GlobalSection(SolutionConfigurationPlatforms) = preSolution
		Debug|Any CPU = Debug|Any CPU
		Release|Any CPU = Release|Any CPU
	EndGlobalSection
	GlobalSection(ProjectConfigurationPlatforms) = postSolution
		{2B8A9FC8-FBD1-4E40-9618-D1C10B25E074}.Debug|Any CPU.ActiveCfg = Debug|Any CPU
		{2B8A9FC8-FBD1-4E40-9618-D1C10B25E074}.Debug|Any CPU.Build.0 = Debug|Any CPU
		{2B8A9FC8-FBD1-4E40-9618-D1C10B25E074}.Release|Any CPU.ActiveCfg = Release|Any CPU
		{2B8A9FC8-FBD1-4E40-9618-D1C10B25E074}.Release|Any CPU.Build.0 = Release|Any CPU
	EndGlobalSection
	GlobalSection(SolutionProperties) = preSolution
		HideSolutionNode = FALSE
	EndGlobalSection
	GlobalSection(ExtensibilityGlobals) = postSolution
		SolutionGuid = {59622DC7-1515-47B4-B2C5-C6E60BE387BC}
	EndGlobalSection
EndGlobal
